
Microsoft Visual Studio Solution File, Format Version 12.00
Project("{FAE04EC0-301F-11D3-BF4B-00C04F79EFBC}") = "Demo", "..\Demo\Demo.csproj", "{63E3F647-8BE1-4DCB-91B0-82DE08825E26}"
EndProject
Project("{FAE04EC0-301F-11D3-BF4B-00C04F79EFBC}") = "EntityFrameworkGraphQL", "EntityFrameworkGraphQL\EntityFrameworkGraphQL.csproj", "{F75687F2-8E82-4D57-9CCA-853582D2E127}"
EndProject
Project("{FAE04EC0-301F-11D3-BF4B-00C04F79EFBC}") = "Gateway", "Gateway\Gateway.csproj", "{3D1DE4C8-CA34-4A91-AAE7-E7C65085C480}"
EndProject
Project("{FAE04EC0-301F-11D3-BF4B-00C04F79EFBC}") = "ProductsMicroservice", "ProductsMicroservice\ProductsMicroservice.csproj", "{3164975E-15B1-462F-8497-0F5B74BCCBAA}"
EndProject
Project("{FAE04EC0-301F-11D3-BF4B-00C04F79EFBC}") = "UserService.Contracts", "UserService.Contracts\UserService.Contracts.csproj", "{2F710E61-B630-49A3-9419-349D4D444ED8}"
EndProject
Project("{2150E333-8FDC-42A3-9474-1A3956D46DE8}") = "HotChocolate", "HotChocolate", "{7E9B5EA0-AD6B-4768-A744-BAE526B50739}"
EndProject
Project("{FAE04EC0-301F-11D3-BF4B-00C04F79EFBC}") = "UserService", "HotChocolate\UserService\UserService.csproj", "{2EC732DD-180A-42BA-8C2E-A9CF68DE44C3}"
EndProject
Project("{FAE04EC0-301F-11D3-BF4B-00C04F79EFBC}") = "PostService", "HotChocolate\PostService\PostService.csproj", "{2A5B3B8F-28EC-4407-9CC5-FF739CF78558}"
EndProject
Project("{FAE04EC0-301F-11D3-BF4B-00C04F79EFBC}") = "Gateway", "HotChocolate\Gateway\Gateway.csproj", "{DD7EDC9B-CB93-4217-8B60-4C3ABB63F653}"
EndProject
Project("{2150E333-8FDC-42A3-9474-1A3956D46DE8}") = "Apollo", "Apollo", "{2583C947-0929-484D-B28D-29FFEC02CD76}"
EndProject
Project("{FAE04EC0-301F-11D3-BF4B-00C04F79EFBC}") = "Apollo.UserService", "Apollo\Apollo.UserService\Apollo.UserService.csproj", "{2E6C6FF8-77AE-4234-A573-14ACE70DF928}"
EndProject
Project("{FAE04EC0-301F-11D3-BF4B-00C04F79EFBC}") = "Apollo.ReviewService", "Apollo\Apollo.ReviewService\Apollo.ReviewService.csproj", "{F240C6AE-B8F8-4F3D-AAD5-B52DA0A463DB}"
EndProject
Global
	GlobalSection(SolutionConfigurationPlatforms) = preSolution
		Debug|Any CPU = Debug|Any CPU
		Release|Any CPU = Release|Any CPU
	EndGlobalSection
	GlobalSection(ProjectConfigurationPlatforms) = postSolution
		{63E3F647-8BE1-4DCB-91B0-82DE08825E26}.Debug|Any CPU.ActiveCfg = Debug|Any CPU
		{63E3F647-8BE1-4DCB-91B0-82DE08825E26}.Debug|Any CPU.Build.0 = Debug|Any CPU
		{63E3F647-8BE1-4DCB-91B0-82DE08825E26}.Release|Any CPU.ActiveCfg = Release|Any CPU
		{63E3F647-8BE1-4DCB-91B0-82DE08825E26}.Release|Any CPU.Build.0 = Release|Any CPU
		{F75687F2-8E82-4D57-9CCA-853582D2E127}.Debug|Any CPU.ActiveCfg = Debug|Any CPU
		{F75687F2-8E82-4D57-9CCA-853582D2E127}.Debug|Any CPU.Build.0 = Debug|Any CPU
		{F75687F2-8E82-4D57-9CCA-853582D2E127}.Release|Any CPU.ActiveCfg = Release|Any CPU
		{F75687F2-8E82-4D57-9CCA-853582D2E127}.Release|Any CPU.Build.0 = Release|Any CPU
		{3D1DE4C8-CA34-4A91-AAE7-E7C65085C480}.Debug|Any CPU.ActiveCfg = Debug|Any CPU
		{3D1DE4C8-CA34-4A91-AAE7-E7C65085C480}.Debug|Any CPU.Build.0 = Debug|Any CPU
		{3D1DE4C8-CA34-4A91-AAE7-E7C65085C480}.Release|Any CPU.ActiveCfg = Release|Any CPU
		{3D1DE4C8-CA34-4A91-AAE7-E7C65085C480}.Release|Any CPU.Build.0 = Release|Any CPU
		{3164975E-15B1-462F-8497-0F5B74BCCBAA}.Debug|Any CPU.ActiveCfg = Debug|Any CPU
		{3164975E-15B1-462F-8497-0F5B74BCCBAA}.Debug|Any CPU.Build.0 = Debug|Any CPU
		{3164975E-15B1-462F-8497-0F5B74BCCBAA}.Release|Any CPU.ActiveCfg = Release|Any CPU
		{3164975E-15B1-462F-8497-0F5B74BCCBAA}.Release|Any CPU.Build.0 = Release|Any CPU
		{2F710E61-B630-49A3-9419-349D4D444ED8}.Debug|Any CPU.ActiveCfg = Debug|Any CPU
		{2F710E61-B630-49A3-9419-349D4D444ED8}.Debug|Any CPU.Build.0 = Debug|Any CPU
		{2F710E61-B630-49A3-9419-349D4D444ED8}.Release|Any CPU.ActiveCfg = Release|Any CPU
		{2F710E61-B630-49A3-9419-349D4D444ED8}.Release|Any CPU.Build.0 = Release|Any CPU
		{2EC732DD-180A-42BA-8C2E-A9CF68DE44C3}.Debug|Any CPU.ActiveCfg = Debug|Any CPU
		{2EC732DD-180A-42BA-8C2E-A9CF68DE44C3}.Debug|Any CPU.Build.0 = Debug|Any CPU
		{2EC732DD-180A-42BA-8C2E-A9CF68DE44C3}.Release|Any CPU.ActiveCfg = Release|Any CPU
		{2EC732DD-180A-42BA-8C2E-A9CF68DE44C3}.Release|Any CPU.Build.0 = Release|Any CPU
		{2A5B3B8F-28EC-4407-9CC5-FF739CF78558}.Debug|Any CPU.ActiveCfg = Debug|Any CPU
		{2A5B3B8F-28EC-4407-9CC5-FF739CF78558}.Debug|Any CPU.Build.0 = Debug|Any CPU
		{2A5B3B8F-28EC-4407-9CC5-FF739CF78558}.Release|Any CPU.ActiveCfg = Release|Any CPU
		{2A5B3B8F-28EC-4407-9CC5-FF739CF78558}.Release|Any CPU.Build.0 = Release|Any CPU
		{DD7EDC9B-CB93-4217-8B60-4C3ABB63F653}.Debug|Any CPU.ActiveCfg = Debug|Any CPU
		{DD7EDC9B-CB93-4217-8B60-4C3ABB63F653}.Debug|Any CPU.Build.0 = Debug|Any CPU
		{DD7EDC9B-CB93-4217-8B60-4C3ABB63F653}.Release|Any CPU.ActiveCfg = Release|Any CPU
		{DD7EDC9B-CB93-4217-8B60-4C3ABB63F653}.Release|Any CPU.Build.0 = Release|Any CPU
		{2E6C6FF8-77AE-4234-A573-14ACE70DF928}.Debug|Any CPU.ActiveCfg = Debug|Any CPU
		{2E6C6FF8-77AE-4234-A573-14ACE70DF928}.Debug|Any CPU.Build.0 = Debug|Any CPU
		{2E6C6FF8-77AE-4234-A573-14ACE70DF928}.Release|Any CPU.ActiveCfg = Release|Any CPU
		{2E6C6FF8-77AE-4234-A573-14ACE70DF928}.Release|Any CPU.Build.0 = Release|Any CPU
		{F240C6AE-B8F8-4F3D-AAD5-B52DA0A463DB}.Debug|Any CPU.ActiveCfg = Debug|Any CPU
		{F240C6AE-B8F8-4F3D-AAD5-B52DA0A463DB}.Debug|Any CPU.Build.0 = Debug|Any CPU
		{F240C6AE-B8F8-4F3D-AAD5-B52DA0A463DB}.Release|Any CPU.ActiveCfg = Release|Any CPU
		{F240C6AE-B8F8-4F3D-AAD5-B52DA0A463DB}.Release|Any CPU.Build.0 = Release|Any CPU
	EndGlobalSection
	GlobalSection(NestedProjects) = preSolution
		{2EC732DD-180A-42BA-8C2E-A9CF68DE44C3} = {7E9B5EA0-AD6B-4768-A744-BAE526B50739}
		{2A5B3B8F-28EC-4407-9CC5-FF739CF78558} = {7E9B5EA0-AD6B-4768-A744-BAE526B50739}
		{DD7EDC9B-CB93-4217-8B60-4C3ABB63F653} = {7E9B5EA0-AD6B-4768-A744-BAE526B50739}
		{2E6C6FF8-77AE-4234-A573-14ACE70DF928} = {2583C947-0929-484D-B28D-29FFEC02CD76}
		{F240C6AE-B8F8-4F3D-AAD5-B52DA0A463DB} = {2583C947-0929-484D-B28D-29FFEC02CD76}
	EndGlobalSection
EndGlobal
