
Microsoft Visual Studio Solution File, Format Version 12.00
Project("{FAE04EC0-301F-11D3-BF4B-00C04F79EFBC}") = "Demo", "..\Demo\Demo.csproj", "{63E3F647-8BE1-4DCB-91B0-82DE08825E26}"
EndProject
Project("{FAE04EC0-301F-11D3-BF4B-00C04F79EFBC}") = "EntityFrameworkGraphQL", "EntityFrameworkGraphQL\EntityFrameworkGraphQL.csproj", "{F75687F2-8E82-4D57-9CCA-853582D2E127}"
EndProject
Project("{FAE04EC0-301F-11D3-BF4B-00C04F79EFBC}") = "Gateway", "Gateway\Gateway.csproj", "{3D1DE4C8-CA34-4A91-AAE7-E7C65085C480}"
EndProject
Project("{2150E333-8FDC-42A3-9474-1A3956D46DE8}") = "Apollo", "Apollo", "{BE151F23-E649-4E75-86DC-874C428CEB03}"
EndProject
Project("{FAE04EC0-301F-11D3-BF4B-00C04F79EFBC}") = "UserService", "UserService\UserService.csproj", "{C7D45A87-47D5-4563-BA33-BDCE42340992}"
EndProject
Project("{FAE04EC0-301F-11D3-BF4B-00C04F79EFBC}") = "PostService", "PostService\PostService.csproj", "{3BF9AA2C-AA4C-48AD-B87C-40A6BE70E75F}"
EndProject
Project("{FAE04EC0-301F-11D3-BF4B-00C04F79EFBC}") = "PostService.Contracts", "PostService.Contracts\PostService.Contracts.csproj", "{948D4CCC-B8C1-433A-B2AD-A0095D386FB3}"
EndProject
Project("{FAE04EC0-301F-11D3-BF4B-00C04F79EFBC}") = "UserService.Contracts", "UserService.Contracts\UserService.Contracts.csproj", "{2F710E61-B630-49A3-9419-349D4D444ED8}"
EndProject
Global
	GlobalSection(SolutionConfigurationPlatforms) = preSolution
		Debug|Any CPU = Debug|Any CPU
		Release|Any CPU = Release|Any CPU
	EndGlobalSection
	GlobalSection(ProjectConfigurationPlatforms) = postSolution
		{63E3F647-8BE1-4DCB-91B0-82DE08825E26}.Debug|Any CPU.ActiveCfg = Debug|Any CPU
		{63E3F647-8BE1-4DCB-91B0-82DE08825E26}.Debug|Any CPU.Build.0 = Debug|Any CPU
		{63E3F647-8BE1-4DCB-91B0-82DE08825E26}.Release|Any CPU.ActiveCfg = Release|Any CPU
		{63E3F647-8BE1-4DCB-91B0-82DE08825E26}.Release|Any CPU.Build.0 = Release|Any CPU
		{F75687F2-8E82-4D57-9CCA-853582D2E127}.Debug|Any CPU.ActiveCfg = Debug|Any CPU
		{F75687F2-8E82-4D57-9CCA-853582D2E127}.Debug|Any CPU.Build.0 = Debug|Any CPU
		{F75687F2-8E82-4D57-9CCA-853582D2E127}.Release|Any CPU.ActiveCfg = Release|Any CPU
		{F75687F2-8E82-4D57-9CCA-853582D2E127}.Release|Any CPU.Build.0 = Release|Any CPU
		{3D1DE4C8-CA34-4A91-AAE7-E7C65085C480}.Debug|Any CPU.ActiveCfg = Debug|Any CPU
		{3D1DE4C8-CA34-4A91-AAE7-E7C65085C480}.Debug|Any CPU.Build.0 = Debug|Any CPU
		{3D1DE4C8-CA34-4A91-AAE7-E7C65085C480}.Release|Any CPU.ActiveCfg = Release|Any CPU
		{3D1DE4C8-CA34-4A91-AAE7-E7C65085C480}.Release|Any CPU.Build.0 = Release|Any CPU
		{C7D45A87-47D5-4563-BA33-BDCE42340992}.Debug|Any CPU.ActiveCfg = Debug|Any CPU
		{C7D45A87-47D5-4563-BA33-BDCE42340992}.Debug|Any CPU.Build.0 = Debug|Any CPU
		{C7D45A87-47D5-4563-BA33-BDCE42340992}.Release|Any CPU.ActiveCfg = Release|Any CPU
		{C7D45A87-47D5-4563-BA33-BDCE42340992}.Release|Any CPU.Build.0 = Release|Any CPU
		{3BF9AA2C-AA4C-48AD-B87C-40A6BE70E75F}.Debug|Any CPU.ActiveCfg = Debug|Any CPU
		{3BF9AA2C-AA4C-48AD-B87C-40A6BE70E75F}.Debug|Any CPU.Build.0 = Debug|Any CPU
		{3BF9AA2C-AA4C-48AD-B87C-40A6BE70E75F}.Release|Any CPU.ActiveCfg = Release|Any CPU
		{3BF9AA2C-AA4C-48AD-B87C-40A6BE70E75F}.Release|Any CPU.Build.0 = Release|Any CPU
		{948D4CCC-B8C1-433A-B2AD-A0095D386FB3}.Debug|Any CPU.ActiveCfg = Debug|Any CPU
		{948D4CCC-B8C1-433A-B2AD-A0095D386FB3}.Debug|Any CPU.Build.0 = Debug|Any CPU
		{948D4CCC-B8C1-433A-B2AD-A0095D386FB3}.Release|Any CPU.ActiveCfg = Release|Any CPU
		{948D4CCC-B8C1-433A-B2AD-A0095D386FB3}.Release|Any CPU.Build.0 = Release|Any CPU
		{2F710E61-B630-49A3-9419-349D4D444ED8}.Debug|Any CPU.ActiveCfg = Debug|Any CPU
		{2F710E61-B630-49A3-9419-349D4D444ED8}.Debug|Any CPU.Build.0 = Debug|Any CPU
		{2F710E61-B630-49A3-9419-349D4D444ED8}.Release|Any CPU.ActiveCfg = Release|Any CPU
		{2F710E61-B630-49A3-9419-349D4D444ED8}.Release|Any CPU.Build.0 = Release|Any CPU
	EndGlobalSection
	GlobalSection(NestedProjects) = preSolution
		{C7D45A87-47D5-4563-BA33-BDCE42340992} = {BE151F23-E649-4E75-86DC-874C428CEB03}
		{3BF9AA2C-AA4C-48AD-B87C-40A6BE70E75F} = {BE151F23-E649-4E75-86DC-874C428CEB03}
		{948D4CCC-B8C1-433A-B2AD-A0095D386FB3} = {BE151F23-E649-4E75-86DC-874C428CEB03}
	EndGlobalSection
EndGlobal
